// !$*UTF8*$!
{
	archiveVersion = 1;
	classes = {
	};
	objectVersion = 56;
	objects = {

/* Begin PBXBuildFile section */
		ED2CDFB32CC413050068359B /* AppDelegate.swift in Sources */ = {isa = PBXBuildFile; fileRef = ED2CDFB22CC413050068359B /* AppDelegate.swift */; };
		ED2CDFB52CC413050068359B /* SceneDelegate.swift in Sources */ = {isa = PBXBuildFile; fileRef = ED2CDFB42CC413050068359B /* SceneDelegate.swift */; };
		ED2CDFB72CC413050068359B /* HomeView.swift in Sources */ = {isa = PBXBuildFile; fileRef = ED2CDFB62CC413050068359B /* HomeView.swift */; };
		ED2CDFBA2CC413050068359B /* Main.storyboard in Resources */ = {isa = PBXBuildFile; fileRef = ED2CDFB82CC413050068359B /* Main.storyboard */; };
		ED2CDFBC2CC4130C0068359B /* Assets.xcassets in Resources */ = {isa = PBXBuildFile; fileRef = ED2CDFBB2CC4130C0068359B /* Assets.xcassets */; };
		ED2CDFBF2CC4130C0068359B /* LaunchScreen.storyboard in Resources */ = {isa = PBXBuildFile; fileRef = ED2CDFBD2CC4130C0068359B /* LaunchScreen.storyboard */; };
		ED2CDFCA2CC4130C0068359B /* CharactersAppTests.swift in Sources */ = {isa = PBXBuildFile; fileRef = ED2CDFC92CC4130C0068359B /* CharactersAppTests.swift */; };
		ED2CDFD42CC4130D0068359B /* CharactersAppUITests.swift in Sources */ = {isa = PBXBuildFile; fileRef = ED2CDFD32CC4130D0068359B /* CharactersAppUITests.swift */; };
		ED2CDFD62CC4130D0068359B /* CharactersAppUITestsLaunchTests.swift in Sources */ = {isa = PBXBuildFile; fileRef = ED2CDFD52CC4130D0068359B /* CharactersAppUITestsLaunchTests.swift */; };
		ED2CDFE92CC452AB0068359B /* HomeViewModel.swift in Sources */ = {isa = PBXBuildFile; fileRef = ED2CDFE82CC452AB0068359B /* HomeViewModel.swift */; };
		ED2CDFEB2CC452C10068359B /* DetailsView.swift in Sources */ = {isa = PBXBuildFile; fileRef = ED2CDFEA2CC452C10068359B /* DetailsView.swift */; };
		ED2CDFED2CC452E50068359B /* DetailsViewModel.swift in Sources */ = {isa = PBXBuildFile; fileRef = ED2CDFEC2CC452E50068359B /* DetailsViewModel.swift */; };
		ED2CDFF02CC45E7B0068359B /* Kingfisher in Frameworks */ = {isa = PBXBuildFile; productRef = ED2CDFEF2CC45E7B0068359B /* Kingfisher */; };
		ED2CDFF62CC45FE50068359B /* IHProgressHUD in Frameworks */ = {isa = PBXBuildFile; productRef = ED2CDFF52CC45FE50068359B /* IHProgressHUD */; };
		ED2CDFF82CC460090068359B /* RequestBuilder.swift in Sources */ = {isa = PBXBuildFile; fileRef = ED2CDFF72CC460090068359B /* RequestBuilder.swift */; };
		ED2CDFFA2CC460490068359B /* AppConstants.swift in Sources */ = {isa = PBXBuildFile; fileRef = ED2CDFF92CC460490068359B /* AppConstants.swift */; };
		ED2CDFFD2CC461620068359B /* APIError.swift in Sources */ = {isa = PBXBuildFile; fileRef = ED2CDFFC2CC461620068359B /* APIError.swift */; };
		ED2CE0002CC462810068359B /* SessionManager.swift in Sources */ = {isa = PBXBuildFile; fileRef = ED2CDFFF2CC462810068359B /* SessionManager.swift */; };
		ED2CE0082CC466110068359B /* ResponseError.swift in Sources */ = {isa = PBXBuildFile; fileRef = ED2CE0072CC466110068359B /* ResponseError.swift */; };
		ED2CE00D2CC471910068359B /* Alamofire in Frameworks */ = {isa = PBXBuildFile; productRef = ED2CE00C2CC471910068359B /* Alamofire */; };
		ED2CE0122CC472CB0068359B /* CharacterModel.swift in Sources */ = {isa = PBXBuildFile; fileRef = ED2CE0112CC472CB0068359B /* CharacterModel.swift */; };
		ED2CE0152CC474020068359B /* CharacterRouter.swift in Sources */ = {isa = PBXBuildFile; fileRef = ED2CE0142CC474020068359B /* CharacterRouter.swift */; };
		ED2CE0182CC4752C0068359B /* CharacterRepository.swift in Sources */ = {isa = PBXBuildFile; fileRef = ED2CE0172CC4752C0068359B /* CharacterRepository.swift */; };
		ED2CE01A2CC476650068359B /* CharacterRepositoryImpl.swift in Sources */ = {isa = PBXBuildFile; fileRef = ED2CE0192CC476650068359B /* CharacterRepositoryImpl.swift */; };
		ED2CE01D2CC4F5D10068359B /* ImageFisher.swift in Sources */ = {isa = PBXBuildFile; fileRef = ED2CE01C2CC4F5D10068359B /* ImageFisher.swift */; };
		ED2CE01F2CC5889C0068359B /* CharacterCellView.swift in Sources */ = {isa = PBXBuildFile; fileRef = ED2CE01E2CC5889C0068359B /* CharacterCellView.swift */; };
		ED5CC57C2CC5BDE300FA9A07 /* HomeView_Test.swift in Sources */ = {isa = PBXBuildFile; fileRef = ED5CC57B2CC5BDE300FA9A07 /* HomeView_Test.swift */; };
		ED5CC57E2CC64AEF00FA9A07 /* LoadingView.swift in Sources */ = {isa = PBXBuildFile; fileRef = ED5CC57D2CC64AEF00FA9A07 /* LoadingView.swift */; };
		ED5CC5802CC64CC000FA9A07 /* FilterCellView.swift in Sources */ = {isa = PBXBuildFile; fileRef = ED5CC57F2CC64CC000FA9A07 /* FilterCellView.swift */; };
/* End PBXBuildFile section */

/* Begin PBXContainerItemProxy section */
		ED2CDFC62CC4130C0068359B /* PBXContainerItemProxy */ = {
			isa = PBXContainerItemProxy;
			containerPortal = ED2CDFA72CC413050068359B /* Project object */;
			proxyType = 1;
			remoteGlobalIDString = ED2CDFAE2CC413050068359B;
			remoteInfo = CharactersApp;
		};
		ED2CDFD02CC4130D0068359B /* PBXContainerItemProxy */ = {
			isa = PBXContainerItemProxy;
			containerPortal = ED2CDFA72CC413050068359B /* Project object */;
			proxyType = 1;
			remoteGlobalIDString = ED2CDFAE2CC413050068359B;
			remoteInfo = CharactersApp;
		};
/* End PBXContainerItemProxy section */

/* Begin PBXFileReference section */
		ED2CDFAF2CC413050068359B /* CharactersApp.app */ = {isa = PBXFileReference; explicitFileType = wrapper.application; includeInIndex = 0; path = CharactersApp.app; sourceTree = BUILT_PRODUCTS_DIR; };
		ED2CDFB22CC413050068359B /* AppDelegate.swift */ = {isa = PBXFileReference; lastKnownFileType = sourcecode.swift; path = AppDelegate.swift; sourceTree = "<group>"; };
		ED2CDFB42CC413050068359B /* SceneDelegate.swift */ = {isa = PBXFileReference; lastKnownFileType = sourcecode.swift; path = SceneDelegate.swift; sourceTree = "<group>"; };
		ED2CDFB62CC413050068359B /* HomeView.swift */ = {isa = PBXFileReference; lastKnownFileType = sourcecode.swift; path = HomeView.swift; sourceTree = "<group>"; };
		ED2CDFB92CC413050068359B /* Base */ = {isa = PBXFileReference; lastKnownFileType = file.storyboard; name = Base; path = Base.lproj/Main.storyboard; sourceTree = "<group>"; };
		ED2CDFBB2CC4130C0068359B /* Assets.xcassets */ = {isa = PBXFileReference; lastKnownFileType = folder.assetcatalog; path = Assets.xcassets; sourceTree = "<group>"; };
		ED2CDFBE2CC4130C0068359B /* Base */ = {isa = PBXFileReference; lastKnownFileType = file.storyboard; name = Base; path = Base.lproj/LaunchScreen.storyboard; sourceTree = "<group>"; };
		ED2CDFC02CC4130C0068359B /* Info.plist */ = {isa = PBXFileReference; lastKnownFileType = text.plist.xml; path = Info.plist; sourceTree = "<group>"; };
		ED2CDFC52CC4130C0068359B /* CharactersAppTests.xctest */ = {isa = PBXFileReference; explicitFileType = wrapper.cfbundle; includeInIndex = 0; path = CharactersAppTests.xctest; sourceTree = BUILT_PRODUCTS_DIR; };
		ED2CDFC92CC4130C0068359B /* CharactersAppTests.swift */ = {isa = PBXFileReference; lastKnownFileType = sourcecode.swift; path = CharactersAppTests.swift; sourceTree = "<group>"; };
		ED2CDFCF2CC4130D0068359B /* CharactersAppUITests.xctest */ = {isa = PBXFileReference; explicitFileType = wrapper.cfbundle; includeInIndex = 0; path = CharactersAppUITests.xctest; sourceTree = BUILT_PRODUCTS_DIR; };
		ED2CDFD32CC4130D0068359B /* CharactersAppUITests.swift */ = {isa = PBXFileReference; lastKnownFileType = sourcecode.swift; path = CharactersAppUITests.swift; sourceTree = "<group>"; };
		ED2CDFD52CC4130D0068359B /* CharactersAppUITestsLaunchTests.swift */ = {isa = PBXFileReference; lastKnownFileType = sourcecode.swift; path = CharactersAppUITestsLaunchTests.swift; sourceTree = "<group>"; };
		ED2CDFE82CC452AB0068359B /* HomeViewModel.swift */ = {isa = PBXFileReference; lastKnownFileType = sourcecode.swift; path = HomeViewModel.swift; sourceTree = "<group>"; };
		ED2CDFEA2CC452C10068359B /* DetailsView.swift */ = {isa = PBXFileReference; lastKnownFileType = sourcecode.swift; path = DetailsView.swift; sourceTree = "<group>"; };
		ED2CDFEC2CC452E50068359B /* DetailsViewModel.swift */ = {isa = PBXFileReference; lastKnownFileType = sourcecode.swift; path = DetailsViewModel.swift; sourceTree = "<group>"; };
		ED2CDFF72CC460090068359B /* RequestBuilder.swift */ = {isa = PBXFileReference; lastKnownFileType = sourcecode.swift; path = RequestBuilder.swift; sourceTree = "<group>"; };
		ED2CDFF92CC460490068359B /* AppConstants.swift */ = {isa = PBXFileReference; lastKnownFileType = sourcecode.swift; path = AppConstants.swift; sourceTree = "<group>"; };
		ED2CDFFC2CC461620068359B /* APIError.swift */ = {isa = PBXFileReference; lastKnownFileType = sourcecode.swift; path = APIError.swift; sourceTree = "<group>"; };
		ED2CDFFF2CC462810068359B /* SessionManager.swift */ = {isa = PBXFileReference; lastKnownFileType = sourcecode.swift; path = SessionManager.swift; sourceTree = "<group>"; };
		ED2CE0072CC466110068359B /* ResponseError.swift */ = {isa = PBXFileReference; lastKnownFileType = sourcecode.swift; path = ResponseError.swift; sourceTree = "<group>"; };
		ED2CE0112CC472CB0068359B /* CharacterModel.swift */ = {isa = PBXFileReference; lastKnownFileType = sourcecode.swift; path = CharacterModel.swift; sourceTree = "<group>"; };
		ED2CE0142CC474020068359B /* CharacterRouter.swift */ = {isa = PBXFileReference; lastKnownFileType = sourcecode.swift; path = CharacterRouter.swift; sourceTree = "<group>"; };
		ED2CE0172CC4752C0068359B /* CharacterRepository.swift */ = {isa = PBXFileReference; lastKnownFileType = sourcecode.swift; path = CharacterRepository.swift; sourceTree = "<group>"; };
		ED2CE0192CC476650068359B /* CharacterRepositoryImpl.swift */ = {isa = PBXFileReference; lastKnownFileType = sourcecode.swift; path = CharacterRepositoryImpl.swift; sourceTree = "<group>"; };
		ED2CE01C2CC4F5D10068359B /* ImageFisher.swift */ = {isa = PBXFileReference; lastKnownFileType = sourcecode.swift; path = ImageFisher.swift; sourceTree = "<group>"; };
		ED2CE01E2CC5889C0068359B /* CharacterCellView.swift */ = {isa = PBXFileReference; lastKnownFileType = sourcecode.swift; path = CharacterCellView.swift; sourceTree = "<group>"; };
		ED5CC5792CC5A8E200FA9A07 /* README.md */ = {isa = PBXFileReference; lastKnownFileType = net.daringfireball.markdown; path = README.md; sourceTree = "<group>"; };
		ED5CC57B2CC5BDE300FA9A07 /* HomeView_Test.swift */ = {isa = PBXFileReference; lastKnownFileType = sourcecode.swift; path = HomeView_Test.swift; sourceTree = "<group>"; };
		ED5CC57D2CC64AEF00FA9A07 /* LoadingView.swift */ = {isa = PBXFileReference; lastKnownFileType = sourcecode.swift; path = LoadingView.swift; sourceTree = "<group>"; };
		ED5CC57F2CC64CC000FA9A07 /* FilterCellView.swift */ = {isa = PBXFileReference; lastKnownFileType = sourcecode.swift; path = FilterCellView.swift; sourceTree = "<group>"; };
/* End PBXFileReference section */

/* Begin PBXFrameworksBuildPhase section */
		ED2CDFAC2CC413050068359B /* Frameworks */ = {
			isa = PBXFrameworksBuildPhase;
			buildActionMask = 2147483647;
			files = (
				ED2CE00D2CC471910068359B /* Alamofire in Frameworks */,
				ED2CDFF02CC45E7B0068359B /* Kingfisher in Frameworks */,
				ED2CDFF62CC45FE50068359B /* IHProgressHUD in Frameworks */,
			);
			runOnlyForDeploymentPostprocessing = 0;
		};
		ED2CDFC22CC4130C0068359B /* Frameworks */ = {
			isa = PBXFrameworksBuildPhase;
			buildActionMask = 2147483647;
			files = (
			);
			runOnlyForDeploymentPostprocessing = 0;
		};
		ED2CDFCC2CC4130D0068359B /* Frameworks */ = {
			isa = PBXFrameworksBuildPhase;
			buildActionMask = 2147483647;
			files = (
			);
			runOnlyForDeploymentPostprocessing = 0;
		};
/* End PBXFrameworksBuildPhase section */

/* Begin PBXGroup section */
		ED2CDFA62CC413050068359B = {
			isa = PBXGroup;
			children = (
				ED5CC5792CC5A8E200FA9A07 /* README.md */,
				ED2CDFB12CC413050068359B /* CharactersApp */,
				ED2CDFC82CC4130C0068359B /* CharactersAppTests */,
				ED2CDFD22CC4130D0068359B /* CharactersAppUITests */,
				ED2CDFB02CC413050068359B /* Products */,
			);
			sourceTree = "<group>";
		};
		ED2CDFB02CC413050068359B /* Products */ = {
			isa = PBXGroup;
			children = (
				ED2CDFAF2CC413050068359B /* CharactersApp.app */,
				ED2CDFC52CC4130C0068359B /* CharactersAppTests.xctest */,
				ED2CDFCF2CC4130D0068359B /* CharactersAppUITests.xctest */,
			);
			name = Products;
			sourceTree = "<group>";
		};
		ED2CDFB12CC413050068359B /* CharactersApp */ = {
			isa = PBXGroup;
			children = (
				ED2CDFE22CC43D210068359B /* Network */,
				ED2CDFE52CC43F690068359B /* Business */,
				ED2CDFE32CC43D470068359B /* Helper */,
				ED2CDFB22CC413050068359B /* AppDelegate.swift */,
				ED2CDFB42CC413050068359B /* SceneDelegate.swift */,
				ED2CDFB82CC413050068359B /* Main.storyboard */,
				ED2CDFBB2CC4130C0068359B /* Assets.xcassets */,
				ED2CDFBD2CC4130C0068359B /* LaunchScreen.storyboard */,
				ED2CDFC02CC4130C0068359B /* Info.plist */,
			);
			path = CharactersApp;
			sourceTree = "<group>";
		};
		ED2CDFC82CC4130C0068359B /* CharactersAppTests */ = {
			isa = PBXGroup;
			children = (
				ED5CC57A2CC5B33A00FA9A07 /* Home */,
				ED2CDFC92CC4130C0068359B /* CharactersAppTests.swift */,
			);
			path = CharactersAppTests;
			sourceTree = "<group>";
		};
		ED2CDFD22CC4130D0068359B /* CharactersAppUITests */ = {
			isa = PBXGroup;
			children = (
				ED2CDFD32CC4130D0068359B /* CharactersAppUITests.swift */,
				ED2CDFD52CC4130D0068359B /* CharactersAppUITestsLaunchTests.swift */,
			);
			path = CharactersAppUITests;
			sourceTree = "<group>";
		};
		ED2CDFE22CC43D210068359B /* Network */ = {
			isa = PBXGroup;
			children = (
				ED2CDFFE2CC462720068359B /* SSL */,
				ED2CDFFB2CC461540068359B /* Model */,
				ED2CDFF72CC460090068359B /* RequestBuilder.swift */,
				ED2CDFF92CC460490068359B /* AppConstants.swift */,
			);
			path = Network;
			sourceTree = "<group>";
		};
		ED2CDFE32CC43D470068359B /* Helper */ = {
			isa = PBXGroup;
			children = (
			);
			path = Helper;
			sourceTree = "<group>";
		};
		ED2CDFE42CC43D570068359B /* Presentation */ = {
			isa = PBXGroup;
			children = (
				ED2CE01B2CC4F5740068359B /* Views */,
				ED2CDFE62CC449630068359B /* Home */,
				ED2CDFE72CC4496E0068359B /* Details */,
			);
			path = Presentation;
			sourceTree = "<group>";
		};
		ED2CDFE52CC43F690068359B /* Business */ = {
			isa = PBXGroup;
			children = (
				ED2CE00F2CC472A10068359B /* Data */,
				ED2CE00E2CC472930068359B /* Domain */,
				ED2CDFE42CC43D570068359B /* Presentation */,
			);
			path = Business;
			sourceTree = "<group>";
		};
		ED2CDFE62CC449630068359B /* Home */ = {
			isa = PBXGroup;
			children = (
				ED2CDFB62CC413050068359B /* HomeView.swift */,
				ED2CDFE82CC452AB0068359B /* HomeViewModel.swift */,
			);
			path = Home;
			sourceTree = "<group>";
		};
		ED2CDFE72CC4496E0068359B /* Details */ = {
			isa = PBXGroup;
			children = (
				ED2CDFEA2CC452C10068359B /* DetailsView.swift */,
				ED2CDFEC2CC452E50068359B /* DetailsViewModel.swift */,
			);
			path = Details;
			sourceTree = "<group>";
		};
		ED2CDFFB2CC461540068359B /* Model */ = {
			isa = PBXGroup;
			children = (
				ED2CDFFC2CC461620068359B /* APIError.swift */,
				ED2CE0072CC466110068359B /* ResponseError.swift */,
			);
			path = Model;
			sourceTree = "<group>";
		};
		ED2CDFFE2CC462720068359B /* SSL */ = {
			isa = PBXGroup;
			children = (
				ED2CDFFF2CC462810068359B /* SessionManager.swift */,
			);
			path = SSL;
			sourceTree = "<group>";
		};
		ED2CE00E2CC472930068359B /* Domain */ = {
			isa = PBXGroup;
			children = (
				ED2CE0102CC472BE0068359B /* Model */,
			);
			path = Domain;
			sourceTree = "<group>";
		};
		ED2CE00F2CC472A10068359B /* Data */ = {
			isa = PBXGroup;
			children = (
				ED2CE0132CC473E80068359B /* Remote */,
				ED2CE0162CC474FA0068359B /* Repository */,
			);
			path = Data;
			sourceTree = "<group>";
		};
		ED2CE0102CC472BE0068359B /* Model */ = {
			isa = PBXGroup;
			children = (
				ED2CE0112CC472CB0068359B /* CharacterModel.swift */,
			);
			path = Model;
			sourceTree = "<group>";
		};
		ED2CE0132CC473E80068359B /* Remote */ = {
			isa = PBXGroup;
			children = (
				ED2CE0142CC474020068359B /* CharacterRouter.swift */,
			);
			path = Remote;
			sourceTree = "<group>";
		};
		ED2CE0162CC474FA0068359B /* Repository */ = {
			isa = PBXGroup;
			children = (
				ED2CE0172CC4752C0068359B /* CharacterRepository.swift */,
				ED2CE0192CC476650068359B /* CharacterRepositoryImpl.swift */,
			);
			path = Repository;
			sourceTree = "<group>";
		};
		ED2CE01B2CC4F5740068359B /* Views */ = {
			isa = PBXGroup;
			children = (
				ED2CE01C2CC4F5D10068359B /* ImageFisher.swift */,
				ED5CC57D2CC64AEF00FA9A07 /* LoadingView.swift */,
				ED2CE01E2CC5889C0068359B /* CharacterCellView.swift */,
				ED5CC57F2CC64CC000FA9A07 /* FilterCellView.swift */,
			);
			path = Views;
			sourceTree = "<group>";
		};
		ED5CC57A2CC5B33A00FA9A07 /* Home */ = {
			isa = PBXGroup;
			children = (
				ED5CC57B2CC5BDE300FA9A07 /* HomeView_Test.swift */,
			);
			path = Home;
			sourceTree = "<group>";
		};
/* End PBXGroup section */

/* Begin PBXNativeTarget section */
		ED2CDFAE2CC413050068359B /* CharactersApp */ = {
			isa = PBXNativeTarget;
			buildConfigurationList = ED2CDFD92CC4130D0068359B /* Build configuration list for PBXNativeTarget "CharactersApp" */;
			buildPhases = (
				ED2CDFAB2CC413050068359B /* Sources */,
				ED2CDFAC2CC413050068359B /* Frameworks */,
				ED2CDFAD2CC413050068359B /* Resources */,
			);
			buildRules = (
			);
			dependencies = (
			);
			name = CharactersApp;
			packageProductDependencies = (
				ED2CDFEF2CC45E7B0068359B /* Kingfisher */,
				ED2CDFF52CC45FE50068359B /* IHProgressHUD */,
				ED2CE00C2CC471910068359B /* Alamofire */,
			);
			productName = CharactersApp;
			productReference = ED2CDFAF2CC413050068359B /* CharactersApp.app */;
			productType = "com.apple.product-type.application";
		};
		ED2CDFC42CC4130C0068359B /* CharactersAppTests */ = {
			isa = PBXNativeTarget;
			buildConfigurationList = ED2CDFDC2CC4130D0068359B /* Build configuration list for PBXNativeTarget "CharactersAppTests" */;
			buildPhases = (
				ED2CDFC12CC4130C0068359B /* Sources */,
				ED2CDFC22CC4130C0068359B /* Frameworks */,
				ED2CDFC32CC4130C0068359B /* Resources */,
			);
			buildRules = (
			);
			dependencies = (
				ED2CDFC72CC4130C0068359B /* PBXTargetDependency */,
			);
			name = CharactersAppTests;
			productName = CharactersAppTests;
			productReference = ED2CDFC52CC4130C0068359B /* CharactersAppTests.xctest */;
			productType = "com.apple.product-type.bundle.unit-test";
		};
		ED2CDFCE2CC4130D0068359B /* CharactersAppUITests */ = {
			isa = PBXNativeTarget;
			buildConfigurationList = ED2CDFDF2CC4130D0068359B /* Build configuration list for PBXNativeTarget "CharactersAppUITests" */;
			buildPhases = (
				ED2CDFCB2CC4130D0068359B /* Sources */,
				ED2CDFCC2CC4130D0068359B /* Frameworks */,
				ED2CDFCD2CC4130D0068359B /* Resources */,
			);
			buildRules = (
			);
			dependencies = (
				ED2CDFD12CC4130D0068359B /* PBXTargetDependency */,
			);
			name = CharactersAppUITests;
			productName = CharactersAppUITests;
			productReference = ED2CDFCF2CC4130D0068359B /* CharactersAppUITests.xctest */;
			productType = "com.apple.product-type.bundle.ui-testing";
		};
/* End PBXNativeTarget section */

/* Begin PBXProject section */
		ED2CDFA72CC413050068359B /* Project object */ = {
			isa = PBXProject;
			attributes = {
				BuildIndependentTargetsInParallel = 1;
				LastSwiftUpdateCheck = 1520;
				LastUpgradeCheck = 1520;
				TargetAttributes = {
					ED2CDFAE2CC413050068359B = {
						CreatedOnToolsVersion = 15.2;
					};
					ED2CDFC42CC4130C0068359B = {
						CreatedOnToolsVersion = 15.2;
						TestTargetID = ED2CDFAE2CC413050068359B;
					};
					ED2CDFCE2CC4130D0068359B = {
						CreatedOnToolsVersion = 15.2;
						TestTargetID = ED2CDFAE2CC413050068359B;
					};
				};
			};
			buildConfigurationList = ED2CDFAA2CC413050068359B /* Build configuration list for PBXProject "CharactersApp" */;
			compatibilityVersion = "Xcode 14.0";
			developmentRegion = en;
			hasScannedForEncodings = 0;
			knownRegions = (
				en,
				Base,
			);
			mainGroup = ED2CDFA62CC413050068359B;
			packageReferences = (
				ED2CDFEE2CC45E7A0068359B /* XCRemoteSwiftPackageReference "Kingfisher" */,
				ED2CDFF42CC45FE50068359B /* XCRemoteSwiftPackageReference "IHProgressHUD" */,
				ED2CE00B2CC471910068359B /* XCRemoteSwiftPackageReference "Alamofire" */,
			);
			productRefGroup = ED2CDFB02CC413050068359B /* Products */;
			projectDirPath = "";
			projectRoot = "";
			targets = (
				ED2CDFAE2CC413050068359B /* CharactersApp */,
				ED2CDFC42CC4130C0068359B /* CharactersAppTests */,
				ED2CDFCE2CC4130D0068359B /* CharactersAppUITests */,
			);
		};
/* End PBXProject section */

/* Begin PBXResourcesBuildPhase section */
		ED2CDFAD2CC413050068359B /* Resources */ = {
			isa = PBXResourcesBuildPhase;
			buildActionMask = 2147483647;
			files = (
				ED2CDFBF2CC4130C0068359B /* LaunchScreen.storyboard in Resources */,
				ED2CDFBC2CC4130C0068359B /* Assets.xcassets in Resources */,
				ED2CDFBA2CC413050068359B /* Main.storyboard in Resources */,
			);
			runOnlyForDeploymentPostprocessing = 0;
		};
		ED2CDFC32CC4130C0068359B /* Resources */ = {
			isa = PBXResourcesBuildPhase;
			buildActionMask = 2147483647;
			files = (
			);
			runOnlyForDeploymentPostprocessing = 0;
		};
		ED2CDFCD2CC4130D0068359B /* Resources */ = {
			isa = PBXResourcesBuildPhase;
			buildActionMask = 2147483647;
			files = (
			);
			runOnlyForDeploymentPostprocessing = 0;
		};
/* End PBXResourcesBuildPhase section */

/* Begin PBXSourcesBuildPhase section */
		ED2CDFAB2CC413050068359B /* Sources */ = {
			isa = PBXSourcesBuildPhase;
			buildActionMask = 2147483647;
			files = (
				ED2CE01D2CC4F5D10068359B /* ImageFisher.swift in Sources */,
				ED2CE0152CC474020068359B /* CharacterRouter.swift in Sources */,
				ED2CDFF82CC460090068359B /* RequestBuilder.swift in Sources */,
				ED2CDFB72CC413050068359B /* HomeView.swift in Sources */,
				ED2CDFEB2CC452C10068359B /* DetailsView.swift in Sources */,
				ED2CDFB32CC413050068359B /* AppDelegate.swift in Sources */,
				ED2CE0122CC472CB0068359B /* CharacterModel.swift in Sources */,
				ED2CDFB52CC413050068359B /* SceneDelegate.swift in Sources */,
				ED2CE01F2CC5889C0068359B /* CharacterCellView.swift in Sources */,
				ED2CE0002CC462810068359B /* SessionManager.swift in Sources */,
				ED2CE0082CC466110068359B /* ResponseError.swift in Sources */,
				ED2CE0182CC4752C0068359B /* CharacterRepository.swift in Sources */,
				ED5CC5802CC64CC000FA9A07 /* FilterCellView.swift in Sources */,
				ED2CE01A2CC476650068359B /* CharacterRepositoryImpl.swift in Sources */,
				ED2CDFFA2CC460490068359B /* AppConstants.swift in Sources */,
				ED2CDFE92CC452AB0068359B /* HomeViewModel.swift in Sources */,
				ED2CDFFD2CC461620068359B /* APIError.swift in Sources */,
				ED2CDFED2CC452E50068359B /* DetailsViewModel.swift in Sources */,
				ED5CC57E2CC64AEF00FA9A07 /* LoadingView.swift in Sources */,
			);
			runOnlyForDeploymentPostprocessing = 0;
		};
		ED2CDFC12CC4130C0068359B /* Sources */ = {
			isa = PBXSourcesBuildPhase;
			buildActionMask = 2147483647;
			files = (
				ED2CDFCA2CC4130C0068359B /* CharactersAppTests.swift in Sources */,
				ED5CC57C2CC5BDE300FA9A07 /* HomeView_Test.swift in Sources */,
			);
			runOnlyForDeploymentPostprocessing = 0;
		};
		ED2CDFCB2CC4130D0068359B /* Sources */ = {
			isa = PBXSourcesBuildPhase;
			buildActionMask = 2147483647;
			files = (
				ED2CDFD62CC4130D0068359B /* CharactersAppUITestsLaunchTests.swift in Sources */,
				ED2CDFD42CC4130D0068359B /* CharactersAppUITests.swift in Sources */,
			);
			runOnlyForDeploymentPostprocessing = 0;
		};
/* End PBXSourcesBuildPhase section */

/* Begin PBXTargetDependency section */
		ED2CDFC72CC4130C0068359B /* PBXTargetDependency */ = {
			isa = PBXTargetDependency;
			target = ED2CDFAE2CC413050068359B /* CharactersApp */;
			targetProxy = ED2CDFC62CC4130C0068359B /* PBXContainerItemProxy */;
		};
		ED2CDFD12CC4130D0068359B /* PBXTargetDependency */ = {
			isa = PBXTargetDependency;
			target = ED2CDFAE2CC413050068359B /* CharactersApp */;
			targetProxy = ED2CDFD02CC4130D0068359B /* PBXContainerItemProxy */;
		};
/* End PBXTargetDependency section */

/* Begin PBXVariantGroup section */
		ED2CDFB82CC413050068359B /* Main.storyboard */ = {
			isa = PBXVariantGroup;
			children = (
				ED2CDFB92CC413050068359B /* Base */,
			);
			name = Main.storyboard;
			sourceTree = "<group>";
		};
		ED2CDFBD2CC4130C0068359B /* LaunchScreen.storyboard */ = {
			isa = PBXVariantGroup;
			children = (
				ED2CDFBE2CC4130C0068359B /* Base */,
			);
			name = LaunchScreen.storyboard;
			sourceTree = "<group>";
		};
/* End PBXVariantGroup section */

/* Begin XCBuildConfiguration section */
		ED2CDFD72CC4130D0068359B /* Debug */ = {
			isa = XCBuildConfiguration;
			buildSettings = {
				ALWAYS_SEARCH_USER_PATHS = NO;
				APP_HOST = "https://rickandmortyapi.com";
				ASSETCATALOG_COMPILER_GENERATE_SWIFT_ASSET_SYMBOL_EXTENSIONS = YES;
				CLANG_ANALYZER_NONNULL = YES;
				CLANG_ANALYZER_NUMBER_OBJECT_CONVERSION = YES_AGGRESSIVE;
				CLANG_CXX_LANGUAGE_STANDARD = "gnu++20";
				CLANG_ENABLE_MODULES = YES;
				CLANG_ENABLE_OBJC_ARC = YES;
				CLANG_ENABLE_OBJC_WEAK = YES;
				CLANG_WARN_BLOCK_CAPTURE_AUTORELEASING = YES;
				CLANG_WARN_BOOL_CONVERSION = YES;
				CLANG_WARN_COMMA = YES;
				CLANG_WARN_CONSTANT_CONVERSION = YES;
				CLANG_WARN_DEPRECATED_OBJC_IMPLEMENTATIONS = YES;
				CLANG_WARN_DIRECT_OBJC_ISA_USAGE = YES_ERROR;
				CLANG_WARN_DOCUMENTATION_COMMENTS = YES;
				CLANG_WARN_EMPTY_BODY = YES;
				CLANG_WARN_ENUM_CONVERSION = YES;
				CLANG_WARN_INFINITE_RECURSION = YES;
				CLANG_WARN_INT_CONVERSION = YES;
				CLANG_WARN_NON_LITERAL_NULL_CONVERSION = YES;
				CLANG_WARN_OBJC_IMPLICIT_RETAIN_SELF = YES;
				CLANG_WARN_OBJC_LITERAL_CONVERSION = YES;
				CLANG_WARN_OBJC_ROOT_CLASS = YES_ERROR;
				CLANG_WARN_QUOTED_INCLUDE_IN_FRAMEWORK_HEADER = YES;
				CLANG_WARN_RANGE_LOOP_ANALYSIS = YES;
				CLANG_WARN_STRICT_PROTOTYPES = YES;
				CLANG_WARN_SUSPICIOUS_MOVE = YES;
				CLANG_WARN_UNGUARDED_AVAILABILITY = YES_AGGRESSIVE;
				CLANG_WARN_UNREACHABLE_CODE = YES;
				CLANG_WARN__DUPLICATE_METHOD_MATCH = YES;
				COPY_PHASE_STRIP = NO;
				DEBUG_INFORMATION_FORMAT = dwarf;
				ENABLE_STRICT_OBJC_MSGSEND = YES;
				ENABLE_TESTABILITY = YES;
				ENABLE_USER_SCRIPT_SANDBOXING = YES;
				GCC_C_LANGUAGE_STANDARD = gnu17;
				GCC_DYNAMIC_NO_PIC = NO;
				GCC_NO_COMMON_BLOCKS = YES;
				GCC_OPTIMIZATION_LEVEL = 0;
				GCC_PREPROCESSOR_DEFINITIONS = (
					"DEBUG=1",
					"$(inherited)",
				);
				GCC_WARN_64_TO_32_BIT_CONVERSION = YES;
				GCC_WARN_ABOUT_RETURN_TYPE = YES_ERROR;
				GCC_WARN_UNDECLARED_SELECTOR = YES;
				GCC_WARN_UNINITIALIZED_AUTOS = YES_AGGRESSIVE;
				GCC_WARN_UNUSED_FUNCTION = YES;
				GCC_WARN_UNUSED_VARIABLE = YES;
				IPHONEOS_DEPLOYMENT_TARGET = 17.2;
				LOCALIZATION_PREFERS_STRING_CATALOGS = YES;
				MTL_ENABLE_DEBUG_INFO = INCLUDE_SOURCE;
				MTL_FAST_MATH = YES;
				ONLY_ACTIVE_ARCH = YES;
				SDKROOT = iphoneos;
				SWIFT_ACTIVE_COMPILATION_CONDITIONS = "DEBUG $(inherited)";
				SWIFT_OPTIMIZATION_LEVEL = "-Onone";
			};
			name = Debug;
		};
		ED2CDFD82CC4130D0068359B /* Release */ = {
			isa = XCBuildConfiguration;
			buildSettings = {
				ALWAYS_SEARCH_USER_PATHS = NO;
				APP_HOST = "https://rickandmortyapi.com";
				ASSETCATALOG_COMPILER_GENERATE_SWIFT_ASSET_SYMBOL_EXTENSIONS = YES;
				CLANG_ANALYZER_NONNULL = YES;
				CLANG_ANALYZER_NUMBER_OBJECT_CONVERSION = YES_AGGRESSIVE;
				CLANG_CXX_LANGUAGE_STANDARD = "gnu++20";
				CLANG_ENABLE_MODULES = YES;
				CLANG_ENABLE_OBJC_ARC = YES;
				CLANG_ENABLE_OBJC_WEAK = YES;
				CLANG_WARN_BLOCK_CAPTURE_AUTORELEASING = YES;
				CLANG_WARN_BOOL_CONVERSION = YES;
				CLANG_WARN_COMMA = YES;
				CLANG_WARN_CONSTANT_CONVERSION = YES;
				CLANG_WARN_DEPRECATED_OBJC_IMPLEMENTATIONS = YES;
				CLANG_WARN_DIRECT_OBJC_ISA_USAGE = YES_ERROR;
				CLANG_WARN_DOCUMENTATION_COMMENTS = YES;
				CLANG_WARN_EMPTY_BODY = YES;
				CLANG_WARN_ENUM_CONVERSION = YES;
				CLANG_WARN_INFINITE_RECURSION = YES;
				CLANG_WARN_INT_CONVERSION = YES;
				CLANG_WARN_NON_LITERAL_NULL_CONVERSION = YES;
				CLANG_WARN_OBJC_IMPLICIT_RETAIN_SELF = YES;
				CLANG_WARN_OBJC_LITERAL_CONVERSION = YES;
				CLANG_WARN_OBJC_ROOT_CLASS = YES_ERROR;
				CLANG_WARN_QUOTED_INCLUDE_IN_FRAMEWORK_HEADER = YES;
				CLANG_WARN_RANGE_LOOP_ANALYSIS = YES;
				CLANG_WARN_STRICT_PROTOTYPES = YES;
				CLANG_WARN_SUSPICIOUS_MOVE = YES;
				CLANG_WARN_UNGUARDED_AVAILABILITY = YES_AGGRESSIVE;
				CLANG_WARN_UNREACHABLE_CODE = YES;
				CLANG_WARN__DUPLICATE_METHOD_MATCH = YES;
				COPY_PHASE_STRIP = NO;
				DEBUG_INFORMATION_FORMAT = "dwarf-with-dsym";
				ENABLE_NS_ASSERTIONS = NO;
				ENABLE_STRICT_OBJC_MSGSEND = YES;
				ENABLE_USER_SCRIPT_SANDBOXING = YES;
				GCC_C_LANGUAGE_STANDARD = gnu17;
				GCC_NO_COMMON_BLOCKS = YES;
				GCC_WARN_64_TO_32_BIT_CONVERSION = YES;
				GCC_WARN_ABOUT_RETURN_TYPE = YES_ERROR;
				GCC_WARN_UNDECLARED_SELECTOR = YES;
				GCC_WARN_UNINITIALIZED_AUTOS = YES_AGGRESSIVE;
				GCC_WARN_UNUSED_FUNCTION = YES;
				GCC_WARN_UNUSED_VARIABLE = YES;
				IPHONEOS_DEPLOYMENT_TARGET = 17.2;
				LOCALIZATION_PREFERS_STRING_CATALOGS = YES;
				MTL_ENABLE_DEBUG_INFO = NO;
				MTL_FAST_MATH = YES;
				SDKROOT = iphoneos;
				SWIFT_COMPILATION_MODE = wholemodule;
				VALIDATE_PRODUCT = YES;
			};
			name = Release;
		};
		ED2CDFDA2CC4130D0068359B /* Debug */ = {
			isa = XCBuildConfiguration;
			buildSettings = {
				ASSETCATALOG_COMPILER_APPICON_NAME = AppIcon;
				ASSETCATALOG_COMPILER_GLOBAL_ACCENT_COLOR_NAME = AccentColor;
				CODE_SIGN_STYLE = Automatic;
				CURRENT_PROJECT_VERSION = 1;
				GENERATE_INFOPLIST_FILE = YES;
				INFOPLIST_FILE = CharactersApp/Info.plist;
				INFOPLIST_KEY_UIApplicationSupportsIndirectInputEvents = YES;
				INFOPLIST_KEY_UILaunchStoryboardName = LaunchScreen;
				INFOPLIST_KEY_UIMainStoryboardFile = Main;
				INFOPLIST_KEY_UISupportedInterfaceOrientations_iPad = "UIInterfaceOrientationPortrait UIInterfaceOrientationPortraitUpsideDown UIInterfaceOrientationLandscapeLeft UIInterfaceOrientationLandscapeRight";
				INFOPLIST_KEY_UISupportedInterfaceOrientations_iPhone = "UIInterfaceOrientationPortrait UIInterfaceOrientationLandscapeLeft UIInterfaceOrientationLandscapeRight";
				IPHONEOS_DEPLOYMENT_TARGET = 16.0;
				LD_RUNPATH_SEARCH_PATHS = (
					"$(inherited)",
					"@executable_path/Frameworks",
				);
				MARKETING_VERSION = 1.0;
				PRODUCT_BUNDLE_IDENTIFIER = com.demo.CharactersApp;
				PRODUCT_NAME = "$(TARGET_NAME)";
				SWIFT_EMIT_LOC_STRINGS = YES;
				SWIFT_VERSION = 5.0;
				TARGETED_DEVICE_FAMILY = "1,2";
			};
			name = Debug;
		};
		ED2CDFDB2CC4130D0068359B /* Release */ = {
			isa = XCBuildConfiguration;
			buildSettings = {
				ASSETCATALOG_COMPILER_APPICON_NAME = AppIcon;
				ASSETCATALOG_COMPILER_GLOBAL_ACCENT_COLOR_NAME = AccentColor;
				CODE_SIGN_STYLE = Automatic;
				CURRENT_PROJECT_VERSION = 1;
				GENERATE_INFOPLIST_FILE = YES;
				INFOPLIST_FILE = CharactersApp/Info.plist;
				INFOPLIST_KEY_UIApplicationSupportsIndirectInputEvents = YES;
				INFOPLIST_KEY_UILaunchStoryboardName = LaunchScreen;
				INFOPLIST_KEY_UIMainStoryboardFile = Main;
				INFOPLIST_KEY_UISupportedInterfaceOrientations_iPad = "UIInterfaceOrientationPortrait UIInterfaceOrientationPortraitUpsideDown UIInterfaceOrientationLandscapeLeft UIInterfaceOrientationLandscapeRight";
				INFOPLIST_KEY_UISupportedInterfaceOrientations_iPhone = "UIInterfaceOrientationPortrait UIInterfaceOrientationLandscapeLeft UIInterfaceOrientationLandscapeRight";
				IPHONEOS_DEPLOYMENT_TARGET = 16.0;
				LD_RUNPATH_SEARCH_PATHS = (
					"$(inherited)",
					"@executable_path/Frameworks",
				);
				MARKETING_VERSION = 1.0;
				PRODUCT_BUNDLE_IDENTIFIER = com.demo.CharactersApp;
				PRODUCT_NAME = "$(TARGET_NAME)";
				SWIFT_EMIT_LOC_STRINGS = YES;
				SWIFT_VERSION = 5.0;
				TARGETED_DEVICE_FAMILY = "1,2";
			};
			name = Release;
		};
		ED2CDFDD2CC4130D0068359B /* Debug */ = {
			isa = XCBuildConfiguration;
			buildSettings = {
				ALWAYS_EMBED_SWIFT_STANDARD_LIBRARIES = YES;
				BUNDLE_LOADER = "$(TEST_HOST)";
				CODE_SIGN_STYLE = Automatic;
				CURRENT_PROJECT_VERSION = 1;
				GENERATE_INFOPLIST_FILE = YES;
				IPHONEOS_DEPLOYMENT_TARGET = 17.2;
				MARKETING_VERSION = 1.0;
				PRODUCT_BUNDLE_IDENTIFIER = com.demo.CharactersAppTests;
				PRODUCT_NAME = "$(TARGET_NAME)";
				SWIFT_EMIT_LOC_STRINGS = NO;
				SWIFT_VERSION = 5.0;
				TARGETED_DEVICE_FAMILY = "1,2";
				TEST_HOST = "$(BUILT_PRODUCTS_DIR)/CharactersApp.app/$(BUNDLE_EXECUTABLE_FOLDER_PATH)/CharactersApp";
			};
			name = Debug;
		};
		ED2CDFDE2CC4130D0068359B /* Release */ = {
			isa = XCBuildConfiguration;
			buildSettings = {
				ALWAYS_EMBED_SWIFT_STANDARD_LIBRARIES = YES;
				BUNDLE_LOADER = "$(TEST_HOST)";
				CODE_SIGN_STYLE = Automatic;
				CURRENT_PROJECT_VERSION = 1;
				GENERATE_INFOPLIST_FILE = YES;
				IPHONEOS_DEPLOYMENT_TARGET = 17.2;
				MARKETING_VERSION = 1.0;
				PRODUCT_BUNDLE_IDENTIFIER = com.demo.CharactersAppTests;
				PRODUCT_NAME = "$(TARGET_NAME)";
				SWIFT_EMIT_LOC_STRINGS = NO;
				SWIFT_VERSION = 5.0;
				TARGETED_DEVICE_FAMILY = "1,2";
				TEST_HOST = "$(BUILT_PRODUCTS_DIR)/CharactersApp.app/$(BUNDLE_EXECUTABLE_FOLDER_PATH)/CharactersApp";
			};
			name = Release;
		};
		ED2CDFE02CC4130D0068359B /* Debug */ = {
			isa = XCBuildConfiguration;
			buildSettings = {
				ALWAYS_EMBED_SWIFT_STANDARD_LIBRARIES = YES;
				CODE_SIGN_STYLE = Automatic;
				CURRENT_PROJECT_VERSION = 1;
				GENERATE_INFOPLIST_FILE = YES;
				MARKETING_VERSION = 1.0;
				PRODUCT_BUNDLE_IDENTIFIER = com.demo.CharactersAppUITests;
				PRODUCT_NAME = "$(TARGET_NAME)";
				SWIFT_EMIT_LOC_STRINGS = NO;
				SWIFT_VERSION = 5.0;
				TARGETED_DEVICE_FAMILY = "1,2";
				TEST_TARGET_NAME = CharactersApp;
			};
			name = Debug;
		};
		ED2CDFE12CC4130D0068359B /* Release */ = {
			isa = XCBuildConfiguration;
			buildSettings = {
				ALWAYS_EMBED_SWIFT_STANDARD_LIBRARIES = YES;
				CODE_SIGN_STYLE = Automatic;
				CURRENT_PROJECT_VERSION = 1;
				GENERATE_INFOPLIST_FILE = YES;
				MARKETING_VERSION = 1.0;
				PRODUCT_BUNDLE_IDENTIFIER = com.demo.CharactersAppUITests;
				PRODUCT_NAME = "$(TARGET_NAME)";
				SWIFT_EMIT_LOC_STRINGS = NO;
				SWIFT_VERSION = 5.0;
				TARGETED_DEVICE_FAMILY = "1,2";
				TEST_TARGET_NAME = CharactersApp;
			};
			name = Release;
		};
/* End XCBuildConfiguration section */

/* Begin XCConfigurationList section */
		ED2CDFAA2CC413050068359B /* Build configuration list for PBXProject "CharactersApp" */ = {
			isa = XCConfigurationList;
			buildConfigurations = (
				ED2CDFD72CC4130D0068359B /* Debug */,
				ED2CDFD82CC4130D0068359B /* Release */,
			);
			defaultConfigurationIsVisible = 0;
			defaultConfigurationName = Release;
		};
		ED2CDFD92CC4130D0068359B /* Build configuration list for PBXNativeTarget "CharactersApp" */ = {
			isa = XCConfigurationList;
			buildConfigurations = (
				ED2CDFDA2CC4130D0068359B /* Debug */,
				ED2CDFDB2CC4130D0068359B /* Release */,
			);
			defaultConfigurationIsVisible = 0;
			defaultConfigurationName = Release;
		};
		ED2CDFDC2CC4130D0068359B /* Build configuration list for PBXNativeTarget "CharactersAppTests" */ = {
			isa = XCConfigurationList;
			buildConfigurations = (
				ED2CDFDD2CC4130D0068359B /* Debug */,
				ED2CDFDE2CC4130D0068359B /* Release */,
			);
			defaultConfigurationIsVisible = 0;
			defaultConfigurationName = Release;
		};
		ED2CDFDF2CC4130D0068359B /* Build configuration list for PBXNativeTarget "CharactersAppUITests" */ = {
			isa = XCConfigurationList;
			buildConfigurations = (
				ED2CDFE02CC4130D0068359B /* Debug */,
				ED2CDFE12CC4130D0068359B /* Release */,
			);
			defaultConfigurationIsVisible = 0;
			defaultConfigurationName = Release;
		};
/* End XCConfigurationList section */

/* Begin XCRemoteSwiftPackageReference section */
		ED2CDFEE2CC45E7A0068359B /* XCRemoteSwiftPackageReference "Kingfisher" */ = {
			isa = XCRemoteSwiftPackageReference;
			repositoryURL = "https://github.com/onevcat/Kingfisher.git";
			requirement = {
				kind = upToNextMajorVersion;
				minimumVersion = 8.1.0;
			};
		};
		ED2CDFF42CC45FE50068359B /* XCRemoteSwiftPackageReference "IHProgressHUD" */ = {
			isa = XCRemoteSwiftPackageReference;
			repositoryURL = "https://github.com/Swiftify-Corp/IHProgressHUD.git";
			requirement = {
				kind = upToNextMajorVersion;
				minimumVersion = 0.1.8;
			};
		};
		ED2CE00B2CC471910068359B /* XCRemoteSwiftPackageReference "Alamofire" */ = {
			isa = XCRemoteSwiftPackageReference;
			repositoryURL = "https://github.com/Alamofire/Alamofire.git";
			requirement = {
				kind = exactVersion;
				version = 5.6.4;
			};
		};
/* End XCRemoteSwiftPackageReference section */

/* Begin XCSwiftPackageProductDependency section */
		ED2CDFEF2CC45E7B0068359B /* Kingfisher */ = {
			isa = XCSwiftPackageProductDependency;
			package = ED2CDFEE2CC45E7A0068359B /* XCRemoteSwiftPackageReference "Kingfisher" */;
			productName = Kingfisher;
		};
		ED2CDFF52CC45FE50068359B /* IHProgressHUD */ = {
			isa = XCSwiftPackageProductDependency;
			package = ED2CDFF42CC45FE50068359B /* XCRemoteSwiftPackageReference "IHProgressHUD" */;
			productName = IHProgressHUD;
		};
		ED2CE00C2CC471910068359B /* Alamofire */ = {
			isa = XCSwiftPackageProductDependency;
			package = ED2CE00B2CC471910068359B /* XCRemoteSwiftPackageReference "Alamofire" */;
			productName = Alamofire;
		};
/* End XCSwiftPackageProductDependency section */
	};
	rootObject = ED2CDFA72CC413050068359B /* Project object */;
}
